
Microsoft Visual Studio Solution File, Format Version 12.00
# Visual Studio for Mac
Project("{FAE04EC0-301F-11D3-BF4B-00C04F79EFBC}") = "Assembly-CSharp", "Assembly-CSharp.csproj", "{975A93ED-1AB6-669D-6445-55152FD17F53}"
EndProject
Project("{FAE04EC0-301F-11D3-BF4B-00C04F79EFBC}") = "Assembly-CSharp-Editor", "Assembly-CSharp-Editor.csproj", "{F3F32174-BF4E-93A5-BEC8-0E2E5B2C3DB4}"
EndProject
Project("{FAE04EC0-301F-11D3-BF4B-00C04F79EFBC}") = "Unity.Recorder.Samples.Editor", "Unity.Recorder.Samples.Editor.csproj", "{68395FD1-2CBA-4995-5048-2F956F80C580}"
EndProject
Global
	GlobalSection(SolutionConfigurationPlatforms) = preSolution
		Debug|Any CPU = Debug|Any CPU
		Release|Any CPU = Release|Any CPU
	EndGlobalSection
	GlobalSection(ProjectConfigurationPlatforms) = postSolution
		{975A93ED-1AB6-669D-6445-55152FD17F53}.Debug|Any CPU.ActiveCfg = Debug|Any CPU
		{975A93ED-1AB6-669D-6445-55152FD17F53}.Debug|Any CPU.Build.0 = Debug|Any CPU
		{975A93ED-1AB6-669D-6445-55152FD17F53}.Release|Any CPU.ActiveCfg = Release|Any CPU
		{975A93ED-1AB6-669D-6445-55152FD17F53}.Release|Any CPU.Build.0 = Release|Any CPU
		{F3F32174-BF4E-93A5-BEC8-0E2E5B2C3DB4}.Debug|Any CPU.ActiveCfg = Debug|Any CPU
		{F3F32174-BF4E-93A5-BEC8-0E2E5B2C3DB4}.Debug|Any CPU.Build.0 = Debug|Any CPU
		{F3F32174-BF4E-93A5-BEC8-0E2E5B2C3DB4}.Release|Any CPU.ActiveCfg = Release|Any CPU
		{F3F32174-BF4E-93A5-BEC8-0E2E5B2C3DB4}.Release|Any CPU.Build.0 = Release|Any CPU
		{68395FD1-2CBA-4995-5048-2F956F80C580}.Debug|Any CPU.ActiveCfg = Debug|Any CPU
		{68395FD1-2CBA-4995-5048-2F956F80C580}.Debug|Any CPU.Build.0 = Debug|Any CPU
		{68395FD1-2CBA-4995-5048-2F956F80C580}.Release|Any CPU.ActiveCfg = Release|Any CPU
		{68395FD1-2CBA-4995-5048-2F956F80C580}.Release|Any CPU.Build.0 = Release|Any CPU
	EndGlobalSection
	GlobalSection(SolutionProperties) = preSolution
		HideSolutionNode = FALSE
	EndGlobalSection
EndGlobal
